<?xml version="1.0" encoding="utf-8"?>
<Project ToolsVersion="4.0" xmlns="http://schemas.microsoft.com/developer/msbuild/2003">
  <ItemGroup>
    <Filter Include="Source Files">
      <UniqueIdentifier>{31e758dd-3005-4c97-9fd1-b0ba0ac4284e}</UniqueIdentifier>
      <Extensions>cpp;c;cxx;rc;def;r;odl;idl;hpj;bat</Extensions>
    </Filter>
    <Filter Include="Source Files\Zlib">
      <UniqueIdentifier>{eefee16e-6002-4c90-8b0b-cc21a18c8c20}</UniqueIdentifier>
    </Filter>
    <Filter Include="Header Files">
      <UniqueIdentifier>{1876c70c-755c-471c-85a2-df19f73575a3}</UniqueIdentifier>
      <Extensions>h;hpp;hxx;hm;inl</Extensions>
    </Filter>
    <Filter Include="Resource Files">
      <UniqueIdentifier>{ece7a276-9b5b-4177-a79d-c9a448742095}</UniqueIdentifier>
      <Extensions>ico;cur;bmp;dlg;rc2;rct;bin;rgs;gif;jpg;jpeg;jpe</Extensions>
    </Filter>
    <Filter Include="Support Files">
      <UniqueIdentifier>{10b05baa-60d5-40bd-b9c9-556f8d85668f}</UniqueIdentifier>
    </Filter>
  </ItemGroup>
  <ItemGroup>
    <ClCompile Include="zlib-113\adler32.c">
      <Filter>Source Files\Zlib</Filter>
    </ClCompile>
    <ClCompile Include="zlib-113\compress.c">
      <Filter>Source Files\Zlib</Filter>
    </ClCompile>
    <ClCompile Include="zlib-113\crc32.c">
      <Filter>Source Files\Zlib</Filter>
    </ClCompile>
    <ClCompile Include="zlib-113\deflate.c">
      <Filter>Source Files\Zlib</Filter>
    </ClCompile>
    <ClCompile Include="zlib-113\gzio.c">
      <Filter>Source Files\Zlib</Filter>
    </ClCompile>
    <ClCompile Include="zlib-113\infblock.c">
      <Filter>Source Files\Zlib</Filter>
    </ClCompile>
    <ClCompile Include="zlib-113\infcodes.c">
      <Filter>Source Files\Zlib</Filter>
    </ClCompile>
    <ClCompile Include="zlib-113\inffast.c">
      <Filter>Source Files\Zlib</Filter>
    </ClCompile>
    <ClCompile Include="zlib-113\inflate.c">
      <Filter>Source Files\Zlib</Filter>
    </ClCompile>
    <ClCompile Include="zlib-113\inftrees.c">
      <Filter>Source Files\Zlib</Filter>
    </ClCompile>
    <ClCompile Include="zlib-113\infutil.c">
      <Filter>Source Files\Zlib</Filter>
    </ClCompile>
    <ClCompile Include="zlib-113\trees.c">
      <Filter>Source Files\Zlib</Filter>
    </ClCompile>
    <ClCompile Include="zlib-113\uncompr.c">
      <Filter>Source Files\Zlib</Filter>
    </ClCompile>
    <ClCompile Include="zlib-113\unzip.c">
      <Filter>Source Files\Zlib</Filter>
    </ClCompile>
    <ClCompile Include="zlib-113\zutil.c">
      <Filter>Source Files\Zlib</Filter>
    </ClCompile>
    <ClCompile Include="core\cart.cpp">
      <Filter>Source Files</Filter>
    </ClCompile>
    <ClCompile Include="core\memmap.cpp">
      <Filter>Source Files</Filter>
    </ClCompile>
    <ClCompile Include="core\mikie.cpp">
      <Filter>Source Files</Filter>
    </ClCompile>
    <ClCompile Include="core\ram.cpp">
      <Filter>Source Files</Filter>
    </ClCompile>
    <ClCompile Include="core\rom.cpp">
      <Filter>Source Files</Filter>
    </ClCompile>
    <ClCompile Include="core\susie.cpp">
      <Filter>Source Files</Filter>
    </ClCompile>
    <ClCompile Include="core\system.cpp">
      <Filter>Source Files</Filter>
    </ClCompile>
    <ClCompile Include="gui-windows\Codewin.cpp">
      <Filter>Source Files</Filter>
    </ClCompile>
    <ClCompile Include="gui-windows\ColorStatic.cpp">
      <Filter>Source Files</Filter>
    </ClCompile>
    <ClCompile Include="gui-windows\Debugger.cpp">
      <Filter>Source Files</Filter>
    </ClCompile>
    <ClCompile Include="gui-windows\Debuggerwin.cpp">
      <Filter>Source Files</Filter>
    </ClCompile>
    <ClCompile Include="gui-windows\DirectSoundPlayer.cpp">
      <Filter>Source Files</Filter>
    </ClCompile>
    <ClCompile Include="gui-windows\DispLine.cpp">
      <Filter>Source Files</Filter>
    </ClCompile>
    <ClCompile Include="gui-windows\Dmpwndlg.cpp">
      <Filter>Source Files</Filter>
    </ClCompile>
    <ClCompile Include="gui-windows\Dumpwin.cpp">
      <Filter>Source Files</Filter>
    </ClCompile>
    <ClCompile Include="gui-windows\DxError.cpp">
      <Filter>Source Files</Filter>
    </ClCompile>
    <ClCompile Include="gui-windows\EditLine.cpp">
      <Filter>Source Files</Filter>
    </ClCompile>
    <ClCompile Include="gui-windows\errorhandler.cpp">
      <Filter>Source Files</Filter>
    </ClCompile>
    <ClCompile Include="gui-windows\gfxwin.cpp">
      <Filter>Source Files</Filter>
    </ClCompile>
    <ClCompile Include="gui-windows\HexEdit.cpp">
      <Filter>Source Files</Filter>
    </ClCompile>
    <ClCompile Include="gui-windows\keydefs.cpp">
      <Filter>Source Files</Filter>
    </ClCompile>
    <ClCompile Include="gui-windows\Lynxapp.cpp">
      <Filter>Source Files</Filter>
    </ClCompile>
    <ClCompile Include="gui-windows\Lynxwin.cpp">
      <Filter>Source Files</Filter>
    </ClCompile>
    <ClCompile Include="gui-windows\netobj.cpp">
      <Filter>Source Files</Filter>
    </ClCompile>
    <ClCompile Include="gui-windows\Tracedlg.cpp">
      <Filter>Source Files</Filter>
    </ClCompile>
    <ClCompile Include="gui-windows\Tracewin.cpp">
      <Filter>Source Files</Filter>
    </ClCompile>
    <ClCompile Include="gui-windows\windowgdi.cpp">
      <Filter>Source Files</Filter>
    </ClCompile>
    <ClCompile Include="core\eeprom.cpp">
      <Filter>Source Files</Filter>
    </ClCompile>
    <ClCompile Include="core\lynxdec.cpp">
      <Filter>Source Files</Filter>
    </ClCompile>
  </ItemGroup>
  <ItemGroup>
    <ClInclude Include="zlib-113\deflate.h">
      <Filter>Source Files\Zlib</Filter>
    </ClInclude>
    <ClInclude Include="zlib-113\infblock.h">
      <Filter>Source Files\Zlib</Filter>
    </ClInclude>
    <ClInclude Include="zlib-113\infcodes.h">
      <Filter>Source Files\Zlib</Filter>
    </ClInclude>
    <ClInclude Include="zlib-113\inffast.h">
      <Filter>Source Files\Zlib</Filter>
    </ClInclude>
    <ClInclude Include="zlib-113\inffixed.h">
      <Filter>Source Files\Zlib</Filter>
    </ClInclude>
    <ClInclude Include="zlib-113\inftrees.h">
      <Filter>Source Files\Zlib</Filter>
    </ClInclude>
    <ClInclude Include="zlib-113\infutil.h">
      <Filter>Source Files\Zlib</Filter>
    </ClInclude>
    <ClInclude Include="zlib-113\trees.h">
      <Filter>Source Files\Zlib</Filter>
    </ClInclude>
    <ClInclude Include="zlib-113\unzip.h">
      <Filter>Source Files\Zlib</Filter>
    </ClInclude>
    <ClInclude Include="zlib-113\zconf.h">
      <Filter>Source Files\Zlib</Filter>
    </ClInclude>
    <ClInclude Include="zlib-113\zlib.h">
      <Filter>Source Files\Zlib</Filter>
    </ClInclude>
    <ClInclude Include="zlib-113\zutil.h">
      <Filter>Source Files\Zlib</Filter>
    </ClInclude>
    <ClInclude Include="core\c65c02.h">
      <Filter>Header Files</Filter>
    </ClInclude>
    <ClInclude Include="core\c6502mak.h">
      <Filter>Header Files</Filter>
    </ClInclude>
    <ClInclude Include="core\cart.h">
      <Filter>Header Files</Filter>
    </ClInclude>
    <ClInclude Include="core\dis6502.h">
      <Filter>Header Files</Filter>
    </ClInclude>
    <ClInclude Include="core\error.h">
      <Filter>Header Files</Filter>
    </ClInclude>
    <ClInclude Include="core\errorinterface.h">
      <Filter>Header Files</Filter>
    </ClInclude>
    <ClInclude Include="core\lynxbase.h">
      <Filter>Header Files</Filter>
    </ClInclude>
    <ClInclude Include="core\lynxdef.h">
      <Filter>Header Files</Filter>
    </ClInclude>
    <ClInclude Include="core\machine.h">
      <Filter>Header Files</Filter>
    </ClInclude>
    <ClInclude Include="core\memfault.h">
      <Filter>Header Files</Filter>
    </ClInclude>
    <ClInclude Include="core\memmap.h">
      <Filter>Header Files</Filter>
    </ClInclude>
    <ClInclude Include="core\mikie.h">
      <Filter>Header Files</Filter>
    </ClInclude>
    <ClInclude Include="core\pixblend.h">
      <Filter>Header Files</Filter>
    </ClInclude>
    <ClInclude Include="core\ram.h">
      <Filter>Header Files</Filter>
    </ClInclude>
    <ClInclude Include="core\rom.h">
      <Filter>Header Files</Filter>
    </ClInclude>
    <ClInclude Include="core\susie.h">
      <Filter>Header Files</Filter>
    </ClInclude>
    <ClInclude Include="core\sysbase.h">
      <Filter>Header Files</Filter>
    </ClInclude>
    <ClInclude Include="core\system.h">
      <Filter>Header Files</Filter>
    </ClInclude>
    <ClInclude Include="gui-windows\aboutdlg.h">
      <Filter>Header Files</Filter>
    </ClInclude>
    <ClInclude Include="gui-windows\CodeWin.h">
      <Filter>Header Files</Filter>
    </ClInclude>
    <ClInclude Include="gui-windows\Color.h">
      <Filter>Header Files</Filter>
    </ClInclude>
    <ClInclude Include="gui-windows\ColorStatic.h">
      <Filter>Header Files</Filter>
    </ClInclude>
    <ClInclude Include="gui-windows\Debugger.h">
      <Filter>Header Files</Filter>
    </ClInclude>
    <ClInclude Include="gui-windows\Debuggerwin.h">
      <Filter>Header Files</Filter>
    </ClInclude>
    <ClInclude Include="gui-windows\DirectSoundPlayer.h">
      <Filter>Header Files</Filter>
    </ClInclude>
    <ClInclude Include="gui-windows\DirectX.h">
      <Filter>Header Files</Filter>
    </ClInclude>
    <ClInclude Include="gui-windows\DispLine.h">
      <Filter>Header Files</Filter>
    </ClInclude>
    <ClInclude Include="gui-windows\Dmpwndlg.h">
      <Filter>Header Files</Filter>
    </ClInclude>
    <ClInclude Include="gui-windows\DumpWin.h">
      <Filter>Header Files</Filter>
    </ClInclude>
    <ClInclude Include="gui-windows\EditLine.h">
      <Filter>Header Files</Filter>
    </ClInclude>
    <ClInclude Include="gui-windows\errorhandler.h">
      <Filter>Header Files</Filter>
    </ClInclude>
    <ClInclude Include="gui-windows\FullScreenDirectX.h">
      <Filter>Header Files</Filter>
    </ClInclude>
    <ClInclude Include="gui-windows\FullScreenEagle.h">
      <Filter>Header Files</Filter>
    </ClInclude>
    <ClInclude Include="gui-windows\fullscreenlcd.h">
      <Filter>Header Files</Filter>
    </ClInclude>
    <ClInclude Include="gui-windows\gfxwin.h">
      <Filter>Header Files</Filter>
    </ClInclude>
    <ClInclude Include="gui-windows\HexEdit.h">
      <Filter>Header Files</Filter>
    </ClInclude>
    <ClInclude Include="gui-windows\Keydefs.h">
      <Filter>Header Files</Filter>
    </ClInclude>
    <ClInclude Include="gui-windows\lynxapp.h">
      <Filter>Header Files</Filter>
    </ClInclude>
    <ClInclude Include="gui-windows\lynxrender.h">
      <Filter>Header Files</Filter>
    </ClInclude>
    <ClInclude Include="gui-windows\Lynxwin.h">
      <Filter>Header Files</Filter>
    </ClInclude>
    <ClInclude Include="gui-windows\netobj.h">
      <Filter>Header Files</Filter>
    </ClInclude>
    <ClInclude Include="gui-windows\resource.h">
      <Filter>Header Files</Filter>
    </ClInclude>
    <ClInclude Include="gui-windows\Tracedlg.h">
      <Filter>Header Files</Filter>
    </ClInclude>
    <ClInclude Include="gui-windows\Tracewin.h">
      <Filter>Header Files</Filter>
    </ClInclude>
    <ClInclude Include="gui-windows\warndlg.h">
      <Filter>Header Files</Filter>
    </ClInclude>
    <ClInclude Include="gui-windows\widget.h">
      <Filter>Header Files</Filter>
    </ClInclude>
    <ClInclude Include="gui-windows\WindowDirectX.h">
      <Filter>Header Files</Filter>
    </ClInclude>
    <ClInclude Include="gui-windows\WindowEagle.h">
      <Filter>Header Files</Filter>
    </ClInclude>
    <ClInclude Include="gui-windows\windowgdi.h">
      <Filter>Header Files</Filter>
    </ClInclude>
    <ClInclude Include="gui-windows\windowlcd.h">
      <Filter>Header Files</Filter>
    </ClInclude>
    <ClInclude Include="core\eeprom.h">
      <Filter>Header Files</Filter>
    </ClInclude>
  </ItemGroup>
  <ItemGroup>
    <ResourceCompile Include="gui-windows\lynxmenu.rc">
      <Filter>Source Files</Filter>
    </ResourceCompile>
  </ItemGroup>
  <ItemGroup>
    <Text Include="public\Contents.txt">
      <Filter>Support Files</Filter>
    </Text>
    <Text Include="public\handybug\dvreadme.txt">
      <Filter>Support Files</Filter>
    </Text>
    <Text Include="public\license.txt">
      <Filter>Support Files</Filter>
    </Text>
    <Text Include="public\Readme.txt">
      <Filter>Support Files</Filter>
    </Text>
    <Text Include="public\whatsnew.txt">
      <Filter>Support Files</Filter>
    </Text>
  </ItemGroup>
  <ItemGroup>
    <Image Include="gui-windows\icon1.ico">
      <Filter>Resource Files</Filter>
    </Image>
    <Image Include="gui-windows\LynxBackground1.bmp">
      <Filter>Resource Files</Filter>
    </Image>
    <Image Include="gui-windows\lynxbackground2.bmp">
      <Filter>Resource Files</Filter>
    </Image>
    <Image Include="gui-windows\lynxbackground3.bmp">
      <Filter>Resource Files</Filter>
    </Image>
  </ItemGroup>
</Project>